<Solution>
  <!-- tests/fixtures/ is deliberately absent. Those projects exist to fail to
       build; a solution member that fails to build would fail CI. They are
       driven directly by Varve.Analyzers.Tests. -->
  <Folder Name="/src/">
    <Project Path="src/Varve.Analyzers/Varve.Analyzers.csproj" />
    <Project Path="src/Varve.Iri/Varve.Iri.csproj" />
    <Project Path="src/Varve.Rdf/Varve.Rdf.csproj" />
    <Project Path="src/Varve.Sparql/Varve.Sparql.csproj" />
    <Project Path="src/Varve.Store/Varve.Store.csproj" />
    <Project Path="src/Varve.Turtle/Varve.Turtle.csproj" />
    <Project Path="src/Varve.Xsd/Varve.Xsd.csproj" />
  </Folder>
  <Folder Name="/tests/">
    <Project Path="tests/Varve.Analyzers.Tests/Varve.Analyzers.Tests.csproj" />
    <Project Path="tests/Varve.Conformance.Tests/Varve.Conformance.Tests.csproj" />
    <Project Path="tests/Varve.Iri.Tests/Varve.Iri.Tests.csproj" />
    <Project Path="tests/Varve.Rdf.Tests/Varve.Rdf.Tests.csproj" />
    <Project Path="tests/Varve.Sparql.Tests/Varve.Sparql.Tests.csproj" />
    <Project Path="tests/Varve.Store.Tests/Varve.Store.Tests.csproj" />
    <Project Path="tests/Varve.Turtle.Tests/Varve.Turtle.Tests.csproj" />
    <Project Path="tests/Varve.Xsd.Tests/Varve.Xsd.Tests.csproj" />
  </Folder>
</Solution>
